
Microsoft Visual Studio Solution File, Format Version 12.00
# Visual Studio Version 16
VisualStudioVersion = 16.0.30128.74
MinimumVisualStudioVersion = 10.0.40219.1
Project("{FAE04EC0-301F-11D3-BF4B-00C04F79EFBC}") = "TestApplication", "TestApplication.csproj", "{DF93CA9F-4D8C-4619-9F4C-09524651962C}"
EndProject
Global
	GlobalSection(SolutionConfigurationPlatforms) = preSolution
		Debug|Any CPU = Debug|Any CPU
		Release|Any CPU = Release|Any CPU
	EndGlobalSection
	GlobalSection(ProjectConfigurationPlatforms) = postSolution
		{DF93CA9F-4D8C-4619-9F4C-09524651962C}.Debug|Any CPU.ActiveCfg = Debug|Any CPU
		{DF93CA9F-4D8C-4619-9F4C-09524651962C}.Debug|Any CPU.Build.0 = Debug|Any CPU
		{DF93CA9F-4D8C-4619-9F4C-09524651962C}.Release|Any CPU.ActiveCfg = Release|Any CPU
		{DF93CA9F-4D8C-4619-9F4C-09524651962C}.Release|Any CPU.Build.0 = Release|Any CPU
	EndGlobalSection
	GlobalSection(SolutionProperties) = preSolution
		HideSolutionNode = FALSE
	EndGlobalSection
	GlobalSection(ExtensibilityGlobals) = postSolution
		SolutionGuid = {811A8D91-F74C-4C63-B637-71E9942CCFB7}
	EndGlobalSection
EndGlobal
